
Microsoft Visual Studio Solution File, Format Version 12.00
# Visual Studio 15
VisualStudioVersion = 15.0.28307.645
MinimumVisualStudioVersion = 10.0.40219.1
Project("{FAE04EC0-301F-11D3-BF4B-00C04F79EFBC}") = "StoreCake", "StoreCake\StoreCake.csproj", "{ACA15093-6374-433A-8974-9C9FCE4FFD24}"
EndProject
Global
	GlobalSection(SolutionConfigurationPlatforms) = preSolution
		Debug|Any CPU = Debug|Any CPU
		Release|Any CPU = Release|Any CPU
	EndGlobalSection
	GlobalSection(ProjectConfigurationPlatforms) = postSolution
		{ACA15093-6374-433A-8974-9C9FCE4FFD24}.Debug|Any CPU.ActiveCfg = Debug|Any CPU
		{ACA15093-6374-433A-8974-9C9FCE4FFD24}.Debug|Any CPU.Build.0 = Debug|Any CPU
		{ACA15093-6374-433A-8974-9C9FCE4FFD24}.Release|Any CPU.ActiveCfg = Release|Any CPU
		{ACA15093-6374-433A-8974-9C9FCE4FFD24}.Release|Any CPU.Build.0 = Release|Any CPU
	EndGlobalSection
	GlobalSection(SolutionProperties) = preSolution
		HideSolutionNode = FALSE
	EndGlobalSection
	GlobalSection(ExtensibilityGlobals) = postSolution
		SolutionGuid = {378F9D94-362D-406B-88FC-E15801CE54F1}
	EndGlobalSection
EndGlobal
